
Microsoft Visual Studio Solution File, Format Version 12.00
# Visual Studio 14
VisualStudioVersion = 14.0.23107.0
MinimumVisualStudioVersion = 10.0.40219.1
Project("{FAE04EC0-301F-11D3-BF4B-00C04F79EFBC}") = "RPG Decorator", "PSPuzd2\RPG Decorator.csproj", "{7623EB62-325B-429A-BC79-37A145F2B4DB}"
EndProject
Project("{FAE04EC0-301F-11D3-BF4B-00C04F79EFBC}") = "RPG ObjectExtension", "RPG ObjectExtension\RPG ObjectExtension.csproj", "{C518BEA4-92FD-42A5-90F5-D66C46CABEDC}"
EndProject
Global
	GlobalSection(SolutionConfigurationPlatforms) = preSolution
		Debug|Any CPU = Debug|Any CPU
		Release|Any CPU = Release|Any CPU
	EndGlobalSection
	GlobalSection(ProjectConfigurationPlatforms) = postSolution
		{7623EB62-325B-429A-BC79-37A145F2B4DB}.Debug|Any CPU.ActiveCfg = Debug|Any CPU
		{7623EB62-325B-429A-BC79-37A145F2B4DB}.Debug|Any CPU.Build.0 = Debug|Any CPU
		{7623EB62-325B-429A-BC79-37A145F2B4DB}.Release|Any CPU.ActiveCfg = Release|Any CPU
		{7623EB62-325B-429A-BC79-37A145F2B4DB}.Release|Any CPU.Build.0 = Release|Any CPU
		{C518BEA4-92FD-42A5-90F5-D66C46CABEDC}.Debug|Any CPU.ActiveCfg = Debug|Any CPU
		{C518BEA4-92FD-42A5-90F5-D66C46CABEDC}.Debug|Any CPU.Build.0 = Debug|Any CPU
		{C518BEA4-92FD-42A5-90F5-D66C46CABEDC}.Release|Any CPU.ActiveCfg = Release|Any CPU
		{C518BEA4-92FD-42A5-90F5-D66C46CABEDC}.Release|Any CPU.Build.0 = Release|Any CPU
	EndGlobalSection
	GlobalSection(SolutionProperties) = preSolution
		HideSolutionNode = FALSE
	EndGlobalSection
EndGlobal
