
Microsoft Visual Studio Solution File, Format Version 12.00
# Visual Studio 14
VisualStudioVersion = 14.0.23107.0
MinimumVisualStudioVersion = 10.0.40219.1
Project("{FAE04EC0-301F-11D3-BF4B-00C04F79EFBC}") = "_InstituteOfNoble", "InstituteOfNoble\_InstituteOfNoble.csproj", "{C0DD708F-FE7E-4E59-B3FF-78F4C63943EC}"
EndProject
Project("{FAE04EC0-301F-11D3-BF4B-00C04F79EFBC}") = "UIImp", "UIImp\UIImp.csproj", "{1CD4CEB5-B004-44AC-B7C1-59CC56532D31}"
EndProject
Project("{FAE04EC0-301F-11D3-BF4B-00C04F79EFBC}") = "UI", "UI\UI.csproj", "{BCE03A26-27E1-4166-819F-8C38085CE476}"
EndProject
Project("{FAE04EC0-301F-11D3-BF4B-00C04F79EFBC}") = "Domain", "Domain\Domain.csproj", "{6BF7EED5-427E-444B-B912-CCABEB0F270F}"
EndProject
Project("{FAE04EC0-301F-11D3-BF4B-00C04F79EFBC}") = "Controller", "Controller\Controller.csproj", "{F15B9474-7A45-44BE-BAA2-26C9025CA82A}"
EndProject
Project("{FAE04EC0-301F-11D3-BF4B-00C04F79EFBC}") = "Commands", "Commands\Commands.csproj", "{3547AAEF-DF53-4108-91AA-53D7FBC31C05}"
EndProject
Project("{FAE04EC0-301F-11D3-BF4B-00C04F79EFBC}") = "Repository", "Repository\Repository.csproj", "{49F35EC2-F469-4189-9402-70FEA5ACAC08}"
EndProject
Project("{FAE04EC0-301F-11D3-BF4B-00C04F79EFBC}") = "RepositoryImp", "RepositoryImp\RepositoryImp.csproj", "{B4E2C1DE-8C7F-457B-B000-F7C81F8F6147}"
EndProject
Project("{FAE04EC0-301F-11D3-BF4B-00C04F79EFBC}") = "DomainImp", "DomainImp\DomainImp.csproj", "{4CB8BC97-2056-40E2-818C-F5BAC7172F06}"
EndProject
Global
	GlobalSection(SolutionConfigurationPlatforms) = preSolution
		Debug|Any CPU = Debug|Any CPU
		Release|Any CPU = Release|Any CPU
	EndGlobalSection
	GlobalSection(ProjectConfigurationPlatforms) = postSolution
		{C0DD708F-FE7E-4E59-B3FF-78F4C63943EC}.Debug|Any CPU.ActiveCfg = Debug|Any CPU
		{C0DD708F-FE7E-4E59-B3FF-78F4C63943EC}.Debug|Any CPU.Build.0 = Debug|Any CPU
		{C0DD708F-FE7E-4E59-B3FF-78F4C63943EC}.Release|Any CPU.ActiveCfg = Release|Any CPU
		{C0DD708F-FE7E-4E59-B3FF-78F4C63943EC}.Release|Any CPU.Build.0 = Release|Any CPU
		{1CD4CEB5-B004-44AC-B7C1-59CC56532D31}.Debug|Any CPU.ActiveCfg = Debug|Any CPU
		{1CD4CEB5-B004-44AC-B7C1-59CC56532D31}.Debug|Any CPU.Build.0 = Debug|Any CPU
		{1CD4CEB5-B004-44AC-B7C1-59CC56532D31}.Release|Any CPU.ActiveCfg = Release|Any CPU
		{1CD4CEB5-B004-44AC-B7C1-59CC56532D31}.Release|Any CPU.Build.0 = Release|Any CPU
		{BCE03A26-27E1-4166-819F-8C38085CE476}.Debug|Any CPU.ActiveCfg = Debug|Any CPU
		{BCE03A26-27E1-4166-819F-8C38085CE476}.Debug|Any CPU.Build.0 = Debug|Any CPU
		{BCE03A26-27E1-4166-819F-8C38085CE476}.Release|Any CPU.ActiveCfg = Release|Any CPU
		{BCE03A26-27E1-4166-819F-8C38085CE476}.Release|Any CPU.Build.0 = Release|Any CPU
		{6BF7EED5-427E-444B-B912-CCABEB0F270F}.Debug|Any CPU.ActiveCfg = Debug|Any CPU
		{6BF7EED5-427E-444B-B912-CCABEB0F270F}.Debug|Any CPU.Build.0 = Debug|Any CPU
		{6BF7EED5-427E-444B-B912-CCABEB0F270F}.Release|Any CPU.ActiveCfg = Release|Any CPU
		{6BF7EED5-427E-444B-B912-CCABEB0F270F}.Release|Any CPU.Build.0 = Release|Any CPU
		{F15B9474-7A45-44BE-BAA2-26C9025CA82A}.Debug|Any CPU.ActiveCfg = Debug|Any CPU
		{F15B9474-7A45-44BE-BAA2-26C9025CA82A}.Debug|Any CPU.Build.0 = Debug|Any CPU
		{F15B9474-7A45-44BE-BAA2-26C9025CA82A}.Release|Any CPU.ActiveCfg = Release|Any CPU
		{F15B9474-7A45-44BE-BAA2-26C9025CA82A}.Release|Any CPU.Build.0 = Release|Any CPU
		{3547AAEF-DF53-4108-91AA-53D7FBC31C05}.Debug|Any CPU.ActiveCfg = Debug|Any CPU
		{3547AAEF-DF53-4108-91AA-53D7FBC31C05}.Debug|Any CPU.Build.0 = Debug|Any CPU
		{3547AAEF-DF53-4108-91AA-53D7FBC31C05}.Release|Any CPU.ActiveCfg = Release|Any CPU
		{3547AAEF-DF53-4108-91AA-53D7FBC31C05}.Release|Any CPU.Build.0 = Release|Any CPU
		{49F35EC2-F469-4189-9402-70FEA5ACAC08}.Debug|Any CPU.ActiveCfg = Debug|Any CPU
		{49F35EC2-F469-4189-9402-70FEA5ACAC08}.Debug|Any CPU.Build.0 = Debug|Any CPU
		{49F35EC2-F469-4189-9402-70FEA5ACAC08}.Release|Any CPU.ActiveCfg = Release|Any CPU
		{49F35EC2-F469-4189-9402-70FEA5ACAC08}.Release|Any CPU.Build.0 = Release|Any CPU
		{B4E2C1DE-8C7F-457B-B000-F7C81F8F6147}.Debug|Any CPU.ActiveCfg = Debug|Any CPU
		{B4E2C1DE-8C7F-457B-B000-F7C81F8F6147}.Debug|Any CPU.Build.0 = Debug|Any CPU
		{B4E2C1DE-8C7F-457B-B000-F7C81F8F6147}.Release|Any CPU.ActiveCfg = Release|Any CPU
		{B4E2C1DE-8C7F-457B-B000-F7C81F8F6147}.Release|Any CPU.Build.0 = Release|Any CPU
		{4CB8BC97-2056-40E2-818C-F5BAC7172F06}.Debug|Any CPU.ActiveCfg = Debug|Any CPU
		{4CB8BC97-2056-40E2-818C-F5BAC7172F06}.Debug|Any CPU.Build.0 = Debug|Any CPU
		{4CB8BC97-2056-40E2-818C-F5BAC7172F06}.Release|Any CPU.ActiveCfg = Release|Any CPU
		{4CB8BC97-2056-40E2-818C-F5BAC7172F06}.Release|Any CPU.Build.0 = Release|Any CPU
	EndGlobalSection
	GlobalSection(SolutionProperties) = preSolution
		HideSolutionNode = FALSE
	EndGlobalSection
EndGlobal
